
Microsoft Visual Studio Solution File, Format Version 12.00
# Visual Studio Version 17
VisualStudioVersion = 17.1.32328.378
MinimumVisualStudioVersion = 10.0.40219.1
Project("{9A19103F-16F7-4668-BE54-9A1E7A4F7556}") = "NumbersFact", "NumbersFact\NumbersFact.csproj", "{629EEDDA-FC3F-4F3A-A8E0-1117EA86E3FB}"
EndProject
Global
	GlobalSection(SolutionConfigurationPlatforms) = preSolution
		Debug|Any CPU = Debug|Any CPU
		Release|Any CPU = Release|Any CPU
	EndGlobalSection
	GlobalSection(ProjectConfigurationPlatforms) = postSolution
		{629EEDDA-FC3F-4F3A-A8E0-1117EA86E3FB}.Debug|Any CPU.ActiveCfg = Debug|Any CPU
		{629EEDDA-FC3F-4F3A-A8E0-1117EA86E3FB}.Debug|Any CPU.Build.0 = Debug|Any CPU
		{629EEDDA-FC3F-4F3A-A8E0-1117EA86E3FB}.Release|Any CPU.ActiveCfg = Release|Any CPU
		{629EEDDA-FC3F-4F3A-A8E0-1117EA86E3FB}.Release|Any CPU.Build.0 = Release|Any CPU
	EndGlobalSection
	GlobalSection(SolutionProperties) = preSolution
		HideSolutionNode = FALSE
	EndGlobalSection
	GlobalSection(ExtensibilityGlobals) = postSolution
		SolutionGuid = {F6108396-72C1-4026-B834-BA97FCCB16FE}
	EndGlobalSection
EndGlobal
